<?xml version="1.0" encoding="utf-8"?>
<Project ToolsVersion="4.0" xmlns="http://schemas.microsoft.com/developer/msbuild/2003">
  <ItemGroup>
    <Filter Include="소스 파일">
      <UniqueIdentifier>{4FC737F1-C7A5-4376-A066-2A32D752A2FF}</UniqueIdentifier>
      <Extensions>cpp;c;cc;cxx;def;odl;idl;hpj;bat;asm;asmx</Extensions>
    </Filter>
    <Filter Include="헤더 파일">
      <UniqueIdentifier>{93995380-89BD-4b04-88EB-625FBE52EBFB}</UniqueIdentifier>
      <Extensions>h;hh;hpp;hxx;hm;inl;inc;xsd</Extensions>
    </Filter>
    <Filter Include="리소스 파일">
      <UniqueIdentifier>{67DA6AB6-F800-4c08-8B7A-83BB121AAD01}</UniqueIdentifier>
      <Extensions>rc;ico;cur;bmp;dlg;rc2;rct;bin;rgs;gif;jpg;jpeg;jpe;resx;tiff;tif;png;wav;mfcribbon-ms</Extensions>
    </Filter>
    <Filter Include="클래스">
      <UniqueIdentifier>{3387030c-d6cd-4334-a936-b8e9b13ead8f}</UniqueIdentifier>
    </Filter>
    <Filter Include="클래스\1. Account">
      <UniqueIdentifier>{d2f392ad-2cbf-48b6-8969-e13ad7e04530}</UniqueIdentifier>
    </Filter>
    <Filter Include="클래스\2. Bank">
      <UniqueIdentifier>{e4ffb96e-0c0d-4f3d-92ce-c26fdf055fbc}</UniqueIdentifier>
    </Filter>
    <Filter Include="클래스\1. Account\NormalAccount">
      <UniqueIdentifier>{f0b0f413-7d62-4e4d-a396-3ae35aa0ea9f}</UniqueIdentifier>
    </Filter>
    <Filter Include="클래스\1. Account\HighCreditAccount">
      <UniqueIdentifier>{b05b103b-f2d4-476e-b28d-403112fc5d41}</UniqueIdentifier>
    </Filter>
    <Filter Include="클래스\3. SmartArr">
      <UniqueIdentifier>{9cd14c80-5bb6-4db8-a982-ced4dc3cd139}</UniqueIdentifier>
    </Filter>
    <Filter Include="클래스\4. Common">
      <UniqueIdentifier>{b48773e8-10ae-4082-8110-a38d4ad36ab1}</UniqueIdentifier>
    </Filter>
  </ItemGroup>
  <ItemGroup>
    <ClCompile Include="main.cpp">
      <Filter>소스 파일</Filter>
    </ClCompile>
    <ClCompile Include="Account.cpp">
      <Filter>클래스\1. Account</Filter>
    </ClCompile>
    <ClCompile Include="Bank.cpp">
      <Filter>클래스\2. Bank</Filter>
    </ClCompile>
    <ClCompile Include="Common.cpp">
      <Filter>클래스\4. Common</Filter>
    </ClCompile>
    <ClCompile Include="HighCreditAccount.cpp">
      <Filter>클래스\1. Account\HighCreditAccount</Filter>
    </ClCompile>
    <ClCompile Include="NormalAccount.cpp">
      <Filter>클래스\1. Account\NormalAccount</Filter>
    </ClCompile>
    <ClCompile Include="SmartArr.cpp">
      <Filter>클래스\3. SmartArr</Filter>
    </ClCompile>
  </ItemGroup>
  <ItemGroup>
    <ClInclude Include="headers.h">
      <Filter>헤더 파일</Filter>
    </ClInclude>
    <ClInclude Include="Bank.h">
      <Filter>클래스\2. Bank</Filter>
    </ClInclude>
    <ClInclude Include="Account.h">
      <Filter>클래스\1. Account</Filter>
    </ClInclude>
    <ClInclude Include="enums.h">
      <Filter>헤더 파일</Filter>
    </ClInclude>
    <ClInclude Include="Common.h">
      <Filter>클래스\4. Common</Filter>
    </ClInclude>
    <ClInclude Include="Classes.h">
      <Filter>헤더 파일</Filter>
    </ClInclude>
    <ClInclude Include="HighCreditAccount.h">
      <Filter>클래스\1. Account\HighCreditAccount</Filter>
    </ClInclude>
    <ClInclude Include="NormalAccount.h">
      <Filter>클래스\1. Account\NormalAccount</Filter>
    </ClInclude>
    <ClInclude Include="defines.h">
      <Filter>헤더 파일</Filter>
    </ClInclude>
    <ClInclude Include="SmartArr.h">
      <Filter>클래스\3. SmartArr</Filter>
    </ClInclude>
  </ItemGroup>
</Project>